
Microsoft Visual Studio Solution File, Format Version 11.00
# Visual Studio 2010
Project("{FAE04EC0-301F-11D3-BF4B-00C04F79EFBC}") = "Tests", "Tests.csproj", "{92BA5662-DD2F-3984-3D25-F1794F2FA706}"
EndProject
Project("{FAE04EC0-301F-11D3-BF4B-00C04F79EFBC}") = "GameAssembly", "GameAssembly.csproj", "{1C71570E-1713-8346-2B3E-92645AF1CEA3}"
EndProject
Project("{FAE04EC0-301F-11D3-BF4B-00C04F79EFBC}") = "Assembly-CSharp", "Assembly-CSharp.csproj", "{B3A10277-29D5-C465-23EE-F0D148EDF525}"
EndProject
Project("{FAE04EC0-301F-11D3-BF4B-00C04F79EFBC}") = "Assembly-CSharp-Editor", "Assembly-CSharp-Editor.csproj", "{9B597E71-5499-C8A9-6974-BD4FCCDB3D24}"
EndProject
Global
	GlobalSection(SolutionConfigurationPlatforms) = preSolution
		Debug|Any CPU = Debug|Any CPU
		Release|Any CPU = Release|Any CPU
	EndGlobalSection
	GlobalSection(ProjectConfigurationPlatforms) = postSolution
		{92BA5662-DD2F-3984-3D25-F1794F2FA706}.Debug|Any CPU.ActiveCfg = Debug|Any CPU
		{92BA5662-DD2F-3984-3D25-F1794F2FA706}.Debug|Any CPU.Build.0 = Debug|Any CPU
		{92BA5662-DD2F-3984-3D25-F1794F2FA706}.Release|Any CPU.ActiveCfg = Release|Any CPU
		{92BA5662-DD2F-3984-3D25-F1794F2FA706}.Release|Any CPU.Build.0 = Release|Any CPU
		{1C71570E-1713-8346-2B3E-92645AF1CEA3}.Debug|Any CPU.ActiveCfg = Debug|Any CPU
		{1C71570E-1713-8346-2B3E-92645AF1CEA3}.Debug|Any CPU.Build.0 = Debug|Any CPU
		{1C71570E-1713-8346-2B3E-92645AF1CEA3}.Release|Any CPU.ActiveCfg = Release|Any CPU
		{1C71570E-1713-8346-2B3E-92645AF1CEA3}.Release|Any CPU.Build.0 = Release|Any CPU
		{B3A10277-29D5-C465-23EE-F0D148EDF525}.Debug|Any CPU.ActiveCfg = Debug|Any CPU
		{B3A10277-29D5-C465-23EE-F0D148EDF525}.Debug|Any CPU.Build.0 = Debug|Any CPU
		{B3A10277-29D5-C465-23EE-F0D148EDF525}.Release|Any CPU.ActiveCfg = Release|Any CPU
		{B3A10277-29D5-C465-23EE-F0D148EDF525}.Release|Any CPU.Build.0 = Release|Any CPU
		{9B597E71-5499-C8A9-6974-BD4FCCDB3D24}.Debug|Any CPU.ActiveCfg = Debug|Any CPU
		{9B597E71-5499-C8A9-6974-BD4FCCDB3D24}.Debug|Any CPU.Build.0 = Debug|Any CPU
		{9B597E71-5499-C8A9-6974-BD4FCCDB3D24}.Release|Any CPU.ActiveCfg = Release|Any CPU
		{9B597E71-5499-C8A9-6974-BD4FCCDB3D24}.Release|Any CPU.Build.0 = Release|Any CPU
	EndGlobalSection
	GlobalSection(SolutionProperties) = preSolution
		HideSolutionNode = FALSE
	EndGlobalSection
EndGlobal
